
Microsoft Visual Studio Solution File, Format Version 12.00
# Visual Studio Version 17
VisualStudioVersion = 17.12.35728.132
MinimumVisualStudioVersion = 10.0.40219.1
Project("{FAE04EC0-301F-11D3-BF4B-00C04F79EFBC}") = "Accounting.Api", "Accounting\Accounting.Api.csproj", "{80AFFB84-6BE1-460A-B368-24E5CCB50C9E}"
EndProject
Project("{FAE04EC0-301F-11D3-BF4B-00C04F79EFBC}") = "Accounting.Domain", "Accounting.Domain\Accounting.Domain.csproj", "{0F9802FB-981A-41C3-BCB9-A92581985A17}"
EndProject
Project("{FAE04EC0-301F-11D3-BF4B-00C04F79EFBC}") = "Accounting.Application", "Accounting.Application\Accounting.Application.csproj", "{CCC7CA90-F465-4C67-B938-A554298D0697}"
EndProject
Project("{FAE04EC0-301F-11D3-BF4B-00C04F79EFBC}") = "Accounting.Infrastructure", "Accounting.Infrastructure\Accounting.Infrastructure.csproj", "{686D573B-6A34-4211-8FBC-9B5475B9AA02}"
EndProject
Project("{2150E333-8FDC-42A3-9474-1A3956D46DE8}") = "Çözüm Öğeleri", "Çözüm Öğeleri", "{27DE1F12-6C11-4F91-8093-186C5CB0B5A1}"
	ProjectSection(SolutionItems) = preProject
		.gitignore = .gitignore
	EndProjectSection
EndProject
Global
	GlobalSection(SolutionConfigurationPlatforms) = preSolution
		Debug|Any CPU = Debug|Any CPU
		Release|Any CPU = Release|Any CPU
	EndGlobalSection
	GlobalSection(ProjectConfigurationPlatforms) = postSolution
		{80AFFB84-6BE1-460A-B368-24E5CCB50C9E}.Debug|Any CPU.ActiveCfg = Debug|Any CPU
		{80AFFB84-6BE1-460A-B368-24E5CCB50C9E}.Debug|Any CPU.Build.0 = Debug|Any CPU
		{80AFFB84-6BE1-460A-B368-24E5CCB50C9E}.Release|Any CPU.ActiveCfg = Release|Any CPU
		{80AFFB84-6BE1-460A-B368-24E5CCB50C9E}.Release|Any CPU.Build.0 = Release|Any CPU
		{0F9802FB-981A-41C3-BCB9-A92581985A17}.Debug|Any CPU.ActiveCfg = Debug|Any CPU
		{0F9802FB-981A-41C3-BCB9-A92581985A17}.Debug|Any CPU.Build.0 = Debug|Any CPU
		{0F9802FB-981A-41C3-BCB9-A92581985A17}.Release|Any CPU.ActiveCfg = Release|Any CPU
		{0F9802FB-981A-41C3-BCB9-A92581985A17}.Release|Any CPU.Build.0 = Release|Any CPU
		{CCC7CA90-F465-4C67-B938-A554298D0697}.Debug|Any CPU.ActiveCfg = Debug|Any CPU
		{CCC7CA90-F465-4C67-B938-A554298D0697}.Debug|Any CPU.Build.0 = Debug|Any CPU
		{CCC7CA90-F465-4C67-B938-A554298D0697}.Release|Any CPU.ActiveCfg = Release|Any CPU
		{CCC7CA90-F465-4C67-B938-A554298D0697}.Release|Any CPU.Build.0 = Release|Any CPU
		{686D573B-6A34-4211-8FBC-9B5475B9AA02}.Debug|Any CPU.ActiveCfg = Debug|Any CPU
		{686D573B-6A34-4211-8FBC-9B5475B9AA02}.Debug|Any CPU.Build.0 = Debug|Any CPU
		{686D573B-6A34-4211-8FBC-9B5475B9AA02}.Release|Any CPU.ActiveCfg = Release|Any CPU
		{686D573B-6A34-4211-8FBC-9B5475B9AA02}.Release|Any CPU.Build.0 = Release|Any CPU
	EndGlobalSection
	GlobalSection(SolutionProperties) = preSolution
		HideSolutionNode = FALSE
	EndGlobalSection
EndGlobal
